
Microsoft Visual Studio Solution File, Format Version 12.00
# Visual Studio 14
VisualStudioVersion = 14.0.25420.1
MinimumVisualStudioVersion = 10.0.40219.1
Project("{FAE04EC0-301F-11D3-BF4B-00C04F79EFBC}") = "SocialNetwork.web", "SocialNetwork.web\SocialNetwork.web.csproj", "{4215E613-E597-4920-9C27-5C1CF01FD506}"
EndProject
Project("{FAE04EC0-301F-11D3-BF4B-00C04F79EFBC}") = "SocialNetwork.api", "SocialNetwork.api\SocialNetwork.api.csproj", "{B6389FDF-6EB5-4B59-AD00-F3422EBC269A}"
EndProject
Project("{FAE04EC0-301F-11D3-BF4B-00C04F79EFBC}") = "Negocio", "Negocio\Negocio.csproj", "{2073E215-7E7E-4FAB-A5C5-F2225D01A022}"
EndProject
Project("{FAE04EC0-301F-11D3-BF4B-00C04F79EFBC}") = "Servico", "Servico\Servico.csproj", "{8BF89A4B-B321-41E0-A7E2-548082E75E8C}"
EndProject
Project("{FAE04EC0-301F-11D3-BF4B-00C04F79EFBC}") = "Dados", "Dados\Dados.csproj", "{4B8E07C5-52DB-4206-8893-48A6C2A77E53}"
EndProject
Project("{FAE04EC0-301F-11D3-BF4B-00C04F79EFBC}") = "RedeSocialWeb", "RedeSocialWeb\RedeSocialWeb.csproj", "{DBBEA45E-124C-4284-A654-1771C74874E5}"
EndProject
Global
	GlobalSection(SolutionConfigurationPlatforms) = preSolution
		Debug|Any CPU = Debug|Any CPU
		Release|Any CPU = Release|Any CPU
	EndGlobalSection
	GlobalSection(ProjectConfigurationPlatforms) = postSolution
		{4215E613-E597-4920-9C27-5C1CF01FD506}.Debug|Any CPU.ActiveCfg = Debug|Any CPU
		{4215E613-E597-4920-9C27-5C1CF01FD506}.Debug|Any CPU.Build.0 = Debug|Any CPU
		{4215E613-E597-4920-9C27-5C1CF01FD506}.Release|Any CPU.ActiveCfg = Release|Any CPU
		{4215E613-E597-4920-9C27-5C1CF01FD506}.Release|Any CPU.Build.0 = Release|Any CPU
		{B6389FDF-6EB5-4B59-AD00-F3422EBC269A}.Debug|Any CPU.ActiveCfg = Debug|Any CPU
		{B6389FDF-6EB5-4B59-AD00-F3422EBC269A}.Debug|Any CPU.Build.0 = Debug|Any CPU
		{B6389FDF-6EB5-4B59-AD00-F3422EBC269A}.Release|Any CPU.ActiveCfg = Release|Any CPU
		{B6389FDF-6EB5-4B59-AD00-F3422EBC269A}.Release|Any CPU.Build.0 = Release|Any CPU
		{2073E215-7E7E-4FAB-A5C5-F2225D01A022}.Debug|Any CPU.ActiveCfg = Debug|Any CPU
		{2073E215-7E7E-4FAB-A5C5-F2225D01A022}.Debug|Any CPU.Build.0 = Debug|Any CPU
		{2073E215-7E7E-4FAB-A5C5-F2225D01A022}.Release|Any CPU.ActiveCfg = Release|Any CPU
		{2073E215-7E7E-4FAB-A5C5-F2225D01A022}.Release|Any CPU.Build.0 = Release|Any CPU
		{8BF89A4B-B321-41E0-A7E2-548082E75E8C}.Debug|Any CPU.ActiveCfg = Debug|Any CPU
		{8BF89A4B-B321-41E0-A7E2-548082E75E8C}.Debug|Any CPU.Build.0 = Debug|Any CPU
		{8BF89A4B-B321-41E0-A7E2-548082E75E8C}.Release|Any CPU.ActiveCfg = Release|Any CPU
		{8BF89A4B-B321-41E0-A7E2-548082E75E8C}.Release|Any CPU.Build.0 = Release|Any CPU
		{4B8E07C5-52DB-4206-8893-48A6C2A77E53}.Debug|Any CPU.ActiveCfg = Debug|Any CPU
		{4B8E07C5-52DB-4206-8893-48A6C2A77E53}.Debug|Any CPU.Build.0 = Debug|Any CPU
		{4B8E07C5-52DB-4206-8893-48A6C2A77E53}.Release|Any CPU.ActiveCfg = Release|Any CPU
		{4B8E07C5-52DB-4206-8893-48A6C2A77E53}.Release|Any CPU.Build.0 = Release|Any CPU
		{DBBEA45E-124C-4284-A654-1771C74874E5}.Debug|Any CPU.ActiveCfg = Debug|Any CPU
		{DBBEA45E-124C-4284-A654-1771C74874E5}.Debug|Any CPU.Build.0 = Debug|Any CPU
		{DBBEA45E-124C-4284-A654-1771C74874E5}.Release|Any CPU.ActiveCfg = Release|Any CPU
		{DBBEA45E-124C-4284-A654-1771C74874E5}.Release|Any CPU.Build.0 = Release|Any CPU
	EndGlobalSection
	GlobalSection(SolutionProperties) = preSolution
		HideSolutionNode = FALSE
	EndGlobalSection
EndGlobal
